
Microsoft Visual Studio Solution File, Format Version 12.00
# Visual Studio 14
VisualStudioVersion = 14.0.25420.1
MinimumVisualStudioVersion = 10.0.40219.1
Project("{FAE04EC0-301F-11D3-BF4B-00C04F79EFBC}") = "PasswordGenerator", "PasswordGenerator.csproj", "{0953D492-BC59-41AE-9730-24EAEBFA9019}"
EndProject
Project("{FAE04EC0-301F-11D3-BF4B-00C04F79EFBC}") = "TestStuff", "..\TestStuff\TestStuff.csproj", "{95CC89A5-7D8F-4761-88DD-F1D6666005AE}"
EndProject
Global
	GlobalSection(SolutionConfigurationPlatforms) = preSolution
		Debug|Any CPU = Debug|Any CPU
		Release|Any CPU = Release|Any CPU
	EndGlobalSection
	GlobalSection(ProjectConfigurationPlatforms) = postSolution
		{0953D492-BC59-41AE-9730-24EAEBFA9019}.Debug|Any CPU.ActiveCfg = Debug|Any CPU
		{0953D492-BC59-41AE-9730-24EAEBFA9019}.Debug|Any CPU.Build.0 = Debug|Any CPU
		{0953D492-BC59-41AE-9730-24EAEBFA9019}.Release|Any CPU.ActiveCfg = Release|Any CPU
		{0953D492-BC59-41AE-9730-24EAEBFA9019}.Release|Any CPU.Build.0 = Release|Any CPU
		{95CC89A5-7D8F-4761-88DD-F1D6666005AE}.Debug|Any CPU.ActiveCfg = Debug|Any CPU
		{95CC89A5-7D8F-4761-88DD-F1D6666005AE}.Debug|Any CPU.Build.0 = Debug|Any CPU
		{95CC89A5-7D8F-4761-88DD-F1D6666005AE}.Release|Any CPU.ActiveCfg = Release|Any CPU
		{95CC89A5-7D8F-4761-88DD-F1D6666005AE}.Release|Any CPU.Build.0 = Release|Any CPU
	EndGlobalSection
	GlobalSection(SolutionProperties) = preSolution
		HideSolutionNode = FALSE
	EndGlobalSection
EndGlobal
